
Microsoft Visual Studio Solution File, Format Version 10.00
# Visual Studio 2008
Project("{FAE04EC0-301F-11D3-BF4B-00C04F79EFBC}") = "MuteOnLock", "MuteOnLock\MuteOnLock.csproj", "{D483C4BC-4D7B-4FD6-BB3E-B1BA9EB344EB}"
EndProject
Project("{FAE04EC0-301F-11D3-BF4B-00C04F79EFBC}") = "CoreAudioApi", "CoreAudioApi\CoreAudioApi.csproj", "{9F1076AA-63DF-4128-9C10-FD65E425C783}"
EndProject
Global
	GlobalSection(SolutionConfigurationPlatforms) = preSolution
		Debug|Any CPU = Debug|Any CPU
		Debug|x86 = Debug|x86
		Release|Any CPU = Release|Any CPU
		Release|x86 = Release|x86
	EndGlobalSection
	GlobalSection(ProjectConfigurationPlatforms) = postSolution
		{D483C4BC-4D7B-4FD6-BB3E-B1BA9EB344EB}.Debug|Any CPU.ActiveCfg = Debug|Any CPU
		{D483C4BC-4D7B-4FD6-BB3E-B1BA9EB344EB}.Debug|Any CPU.Build.0 = Debug|Any CPU
		{D483C4BC-4D7B-4FD6-BB3E-B1BA9EB344EB}.Debug|x86.ActiveCfg = Debug|x86
		{D483C4BC-4D7B-4FD6-BB3E-B1BA9EB344EB}.Debug|x86.Build.0 = Debug|x86
		{D483C4BC-4D7B-4FD6-BB3E-B1BA9EB344EB}.Release|Any CPU.ActiveCfg = Release|Any CPU
		{D483C4BC-4D7B-4FD6-BB3E-B1BA9EB344EB}.Release|Any CPU.Build.0 = Release|Any CPU
		{D483C4BC-4D7B-4FD6-BB3E-B1BA9EB344EB}.Release|x86.ActiveCfg = Release|x86
		{D483C4BC-4D7B-4FD6-BB3E-B1BA9EB344EB}.Release|x86.Build.0 = Release|x86
		{9F1076AA-63DF-4128-9C10-FD65E425C783}.Debug|Any CPU.ActiveCfg = Debug|Any CPU
		{9F1076AA-63DF-4128-9C10-FD65E425C783}.Debug|Any CPU.Build.0 = Debug|Any CPU
		{9F1076AA-63DF-4128-9C10-FD65E425C783}.Debug|x86.ActiveCfg = Debug|x86
		{9F1076AA-63DF-4128-9C10-FD65E425C783}.Debug|x86.Build.0 = Debug|x86
		{9F1076AA-63DF-4128-9C10-FD65E425C783}.Release|Any CPU.ActiveCfg = Release|Any CPU
		{9F1076AA-63DF-4128-9C10-FD65E425C783}.Release|Any CPU.Build.0 = Release|Any CPU
		{9F1076AA-63DF-4128-9C10-FD65E425C783}.Release|x86.ActiveCfg = Release|x86
		{9F1076AA-63DF-4128-9C10-FD65E425C783}.Release|x86.Build.0 = Release|x86
	EndGlobalSection
	GlobalSection(SolutionProperties) = preSolution
		HideSolutionNode = FALSE
	EndGlobalSection
EndGlobal
